Microsoft Visual Studio Solution File, Format Version 9.00
# Visual Studio 2005
Project("{FAE04EC0-301F-11D3-BF4B-00C04F79EFBC}") = "GenesisCore", "Core\GenesisCore.csproj", "{9FED5F0C-C16D-4A65-A19B-D9B0B217D835}"
EndProject
Project("{FAE04EC0-301F-11D3-BF4B-00C04F79EFBC}") = "GenesisChatServer", "GenesisChatServer\GenesisChatServer.csproj", "{A33974D3-BF3A-4E04-B558-FCCDA12B9846}"
EndProject
Project("{FAE04EC0-301F-11D3-BF4B-00C04F79EFBC}") = "GenesisChatClient", "GenesisChatClient\GenesisChatClient.csproj", "{472DBE6F-B20C-43FA-A21D-3221E6D575C0}"
EndProject
Global
	GlobalSection(SolutionConfigurationPlatforms) = preSolution
		Debug|Any CPU = Debug|Any CPU
		Release|Any CPU = Release|Any CPU
	EndGlobalSection
	GlobalSection(ProjectConfigurationPlatforms) = postSolution
		{9FED5F0C-C16D-4A65-A19B-D9B0B217D835}.Debug|Any CPU.ActiveCfg = Debug|Any CPU
		{9FED5F0C-C16D-4A65-A19B-D9B0B217D835}.Debug|Any CPU.Build.0 = Debug|Any CPU
		{9FED5F0C-C16D-4A65-A19B-D9B0B217D835}.Release|Any CPU.ActiveCfg = Release|Any CPU
		{9FED5F0C-C16D-4A65-A19B-D9B0B217D835}.Release|Any CPU.Build.0 = Release|Any CPU
		{A33974D3-BF3A-4E04-B558-FCCDA12B9846}.Debug|Any CPU.ActiveCfg = Debug|Any CPU
		{A33974D3-BF3A-4E04-B558-FCCDA12B9846}.Debug|Any CPU.Build.0 = Debug|Any CPU
		{A33974D3-BF3A-4E04-B558-FCCDA12B9846}.Release|Any CPU.ActiveCfg = Release|Any CPU
		{A33974D3-BF3A-4E04-B558-FCCDA12B9846}.Release|Any CPU.Build.0 = Release|Any CPU
		{472DBE6F-B20C-43FA-A21D-3221E6D575C0}.Debug|Any CPU.ActiveCfg = Debug|Any CPU
		{472DBE6F-B20C-43FA-A21D-3221E6D575C0}.Debug|Any CPU.Build.0 = Debug|Any CPU
		{472DBE6F-B20C-43FA-A21D-3221E6D575C0}.Release|Any CPU.ActiveCfg = Release|Any CPU
		{472DBE6F-B20C-43FA-A21D-3221E6D575C0}.Release|Any CPU.Build.0 = Release|Any CPU
	EndGlobalSection
	GlobalSection(SolutionProperties) = preSolution
		HideSolutionNode = FALSE
	EndGlobalSection
EndGlobal
